
Microsoft Visual Studio Solution File, Format Version 12.00
# Visual Studio Version 17
VisualStudioVersion = 17.9.34728.123
MinimumVisualStudioVersion = 10.0.40219.1
Project("{9A19103F-16F7-4668-BE54-9A1E7A4F7556}") = "DesignPatterns", "DesignPatterns\DesignPatterns.csproj", "{6B74B4D4-5601-4388-9688-48C8008A93A9}"
EndProject
Project("{9A19103F-16F7-4668-BE54-9A1E7A4F7556}") = "UnitTest", "UnitTest\UnitTest.csproj", "{D6D91607-7159-4FC4-8F3E-674FC545DC59}"
EndProject
Project("{9A19103F-16F7-4668-BE54-9A1E7A4F7556}") = "Pattern_1", "Pattern1\Pattern_1.csproj", "{3DE8B525-E166-4040-8ED0-49C8A81661DF}"
EndProject
Project("{9A19103F-16F7-4668-BE54-9A1E7A4F7556}") = "Pattern_2", "Pattern_2\Pattern_2.csproj", "{99AF05B9-3D58-4C05-A393-110EE86E98F9}"
EndProject
Project("{9A19103F-16F7-4668-BE54-9A1E7A4F7556}") = "Pattern_3", "Pattern_3\Pattern_3.csproj", "{966200F7-C352-457D-9BC3-ADB62A22ACFA}"
EndProject
Project("{FAE04EC0-301F-11D3-BF4B-00C04F79EFBC}") = "Pattern_4", "Pattern4\Pattern_4.csproj", "{BEB58378-6CE2-4E54-9791-A730BA2A78F6}"
EndProject
Project("{FAE04EC0-301F-11D3-BF4B-00C04F79EFBC}") = "Pattern_5", "Pattern_5\Pattern_5.csproj", "{C846B5AC-A90E-473D-99E3-E516A96FF452}"
EndProject
Global
	GlobalSection(SolutionConfigurationPlatforms) = preSolution
		Debug|Any CPU = Debug|Any CPU
		Release|Any CPU = Release|Any CPU
	EndGlobalSection
	GlobalSection(ProjectConfigurationPlatforms) = postSolution
		{6B74B4D4-5601-4388-9688-48C8008A93A9}.Debug|Any CPU.ActiveCfg = Debug|Any CPU
		{6B74B4D4-5601-4388-9688-48C8008A93A9}.Debug|Any CPU.Build.0 = Debug|Any CPU
		{6B74B4D4-5601-4388-9688-48C8008A93A9}.Release|Any CPU.ActiveCfg = Release|Any CPU
		{6B74B4D4-5601-4388-9688-48C8008A93A9}.Release|Any CPU.Build.0 = Release|Any CPU
		{D6D91607-7159-4FC4-8F3E-674FC545DC59}.Debug|Any CPU.ActiveCfg = Debug|Any CPU
		{D6D91607-7159-4FC4-8F3E-674FC545DC59}.Debug|Any CPU.Build.0 = Debug|Any CPU
		{D6D91607-7159-4FC4-8F3E-674FC545DC59}.Release|Any CPU.ActiveCfg = Release|Any CPU
		{D6D91607-7159-4FC4-8F3E-674FC545DC59}.Release|Any CPU.Build.0 = Release|Any CPU
		{3DE8B525-E166-4040-8ED0-49C8A81661DF}.Debug|Any CPU.ActiveCfg = Debug|Any CPU
		{3DE8B525-E166-4040-8ED0-49C8A81661DF}.Debug|Any CPU.Build.0 = Debug|Any CPU
		{3DE8B525-E166-4040-8ED0-49C8A81661DF}.Release|Any CPU.ActiveCfg = Release|Any CPU
		{3DE8B525-E166-4040-8ED0-49C8A81661DF}.Release|Any CPU.Build.0 = Release|Any CPU
		{99AF05B9-3D58-4C05-A393-110EE86E98F9}.Debug|Any CPU.ActiveCfg = Debug|Any CPU
		{99AF05B9-3D58-4C05-A393-110EE86E98F9}.Debug|Any CPU.Build.0 = Debug|Any CPU
		{99AF05B9-3D58-4C05-A393-110EE86E98F9}.Release|Any CPU.ActiveCfg = Release|Any CPU
		{99AF05B9-3D58-4C05-A393-110EE86E98F9}.Release|Any CPU.Build.0 = Release|Any CPU
		{966200F7-C352-457D-9BC3-ADB62A22ACFA}.Debug|Any CPU.ActiveCfg = Debug|Any CPU
		{966200F7-C352-457D-9BC3-ADB62A22ACFA}.Debug|Any CPU.Build.0 = Debug|Any CPU
		{966200F7-C352-457D-9BC3-ADB62A22ACFA}.Release|Any CPU.ActiveCfg = Release|Any CPU
		{966200F7-C352-457D-9BC3-ADB62A22ACFA}.Release|Any CPU.Build.0 = Release|Any CPU
		{BEB58378-6CE2-4E54-9791-A730BA2A78F6}.Debug|Any CPU.ActiveCfg = Debug|Any CPU
		{BEB58378-6CE2-4E54-9791-A730BA2A78F6}.Debug|Any CPU.Build.0 = Debug|Any CPU
		{BEB58378-6CE2-4E54-9791-A730BA2A78F6}.Release|Any CPU.ActiveCfg = Release|Any CPU
		{BEB58378-6CE2-4E54-9791-A730BA2A78F6}.Release|Any CPU.Build.0 = Release|Any CPU
		{C846B5AC-A90E-473D-99E3-E516A96FF452}.Debug|Any CPU.ActiveCfg = Debug|Any CPU
		{C846B5AC-A90E-473D-99E3-E516A96FF452}.Debug|Any CPU.Build.0 = Debug|Any CPU
		{C846B5AC-A90E-473D-99E3-E516A96FF452}.Release|Any CPU.ActiveCfg = Release|Any CPU
		{C846B5AC-A90E-473D-99E3-E516A96FF452}.Release|Any CPU.Build.0 = Release|Any CPU
	EndGlobalSection
	GlobalSection(SolutionProperties) = preSolution
		HideSolutionNode = FALSE
	EndGlobalSection
	GlobalSection(ExtensibilityGlobals) = postSolution
		SolutionGuid = {456A6E0F-BA3E-49B7-A79D-3E9B69F2F2D7}
	EndGlobalSection
EndGlobal
